# This file was autogenerated by uv via the following command:
#    uv pip compile requirements/test-torch-cpu.in --universal --python-version 3.10 --generate-hashes --emit-index-url --output-file requirements/test-torch-cpu.lock
--index-url https://download.pytorch.org/whl/cpu

filelock==3.29.0 \
    --hash=sha256:69974355e960702e789734cb4871f884ea6fe50bd8404051a3530bc07809cf90 \
    --hash=sha256:96f5f6344709aa1572bbf631c640e4ebeeb519e08da902c39a001882f30ac258
    # via torch
fsspec==2026.4.0 \
    --hash=sha256:11ef7bb35dab8a394fde6e608221d5cf3e8499401c249bebaeaad760a1a8dec2 \
    --hash=sha256:301d8ac70ae90ef3ad05dcf94d6c3754a097f9b5fe4667d2787aa359ec7df7e4
    # via torch
jinja2==3.1.6 \
    --hash=sha256:85ece4451f492d0c13c5dd7c13a64681a86afae63a5f347908daf103ce6d2f67
    # via torch
markupsafe==3.0.3 \
    --hash=sha256:e1c1493fb6e50ab01d20a22826e57520f1284df32f2d8601fdd90b6304601419
    # via jinja2
mpmath==1.3.0 \
    --hash=sha256:7a28eb2a9774d00c7bc92411c19a89209d5da7c4c9a9e227be8330a23a25b91f \
    --hash=sha256:a0b2b9fe80bbcd81a6647ff13108738cfb482d481d826cc0e02f5b35e5c88d2c
    # via sympy
networkx==3.4.2 ; python_full_version < '3.11' \
    --hash=sha256:307c3669428c5362aab27c8a1260aa8f47c4e91d3891f48be0141738d8d053e1 \
    --hash=sha256:df5d4365b724cf81b8c6a7312509d0c22386097011ad1abe274afd5e9d3bbc5f
    # via torch
networkx==3.6.1 ; python_full_version >= '3.11' \
    --hash=sha256:26b7c357accc0c8cde558ad486283728b65b6a95d85ee1cd66bafab4c8168509 \
    --hash=sha256:d47fbf302e7d9cbbb9e2555a0d267983d2aa476bac30e90dfbe5669bd57f3762
    # via torch
setuptools==78.1.0 ; python_full_version >= '3.12' \
    --hash=sha256:3e386e96793c8702ae83d17b853fb93d3e09ef82ec62722e61da5cd22376dcd8
    # via torch
sympy==1.13.1 \
    --hash=sha256:9cebf7e04ff162015ce31c9c6c9144daa34a93bd082f54fd8f12deca4f47515f \
    --hash=sha256:db36cdc64bf61b9b24578b6f7bab1ecdd2452cf008f34faa33776680c26d66f8
    # via torch
torch==2.5.1 ; (python_full_version < '3.13' and platform_machine == 'aarch64' and platform_python_implementation == 'CPython' and sys_platform == 'linux') or sys_platform == 'darwin' \
    --hash=sha256:23d062bf70776a3d04dbe74db950db2a5245e1ba4f27208a87f0d743b0d06e86 \
    --hash=sha256:269b10c34430aa8e9643dbe035dc525c4a9b1d671cd3dbc8ecbcaed280ae322d \
    --hash=sha256:31f8c39660962f9ae4eeec995e3049b5492eb7360dd4f07377658ef4d728fa4c \
    --hash=sha256:36d1be99281b6f602d9639bd0af3ee0006e7aab16f6718d86f709d395b6f262c \
    --hash=sha256:8046768b7f6d35b85d101b4b38cba8aa2f3cd51952bc4c06a49580f2ce682291 \
    --hash=sha256:8c712df61101964eb11910a846514011f0b6f5920c55dbf567bff8a34163d5b1 \
    --hash=sha256:c74f73da179fa7eaa2167ab0b493f267ae481a6c007249e2674cbd0baf4a5cc1 \
    --hash=sha256:d5b3203f191bc40783c99488d2e776dcf93ac431a59491d627a1ca5b3ae20b22
    # via -r requirements/test-torch-cpu.in
torch==2.5.1+cpu ; (python_full_version >= '3.13' and sys_platform == 'linux') or (platform_machine != 'aarch64' and sys_platform == 'linux') or (platform_python_implementation != 'CPython' and sys_platform == 'linux') or (sys_platform != 'darwin' and sys_platform != 'linux') \
    --hash=sha256:07d7c9e069123d5af08b0cf0013d74f680b2d8be7d9e2cf561a52c90c55d9409 \
    --hash=sha256:2ebd0b6135dc60b96ce51349c92c9757b2b9634a6b90045dfab3eb4921a4d62f \
    --hash=sha256:4856f9d6925121d13c2df07aa7580b767f449dfe71ae5acde9c27535d5da4840 \
    --hash=sha256:5dbbdf83caa90d0bcaa50e4933ca424889133b35226db79000877d4ec5d9ea37 \
    --hash=sha256:7f91a2200e352745d70e22396bd501448e28350fbdbd8d8b1c83037e25451150 \
    --hash=sha256:81531d4d5ca74163dc9574b87396531e546a60cceb6253303c7db6a21e867fdf \
    --hash=sha256:a3ad26468abc5ee601aba49ff02f72387ae734b0900aa589b890c80d72b7b26b \
    --hash=sha256:a6b720410350765d3d77c01a5ce098a6c45af446284e45e87a98b8a16e7d564d \
    --hash=sha256:df93157482b672892d29134d3fae9d38ba3219702faedd79f407eb36774c56ce
    # via -r requirements/test-torch-cpu.in
typing-extensions==4.15.0 \
    --hash=sha256:f0fa19c6845758ab08074a0cfa8b7aecb71c999ca73d62883bc25cc018c4e548
    # via torch
